{
  "requires": true,
  "lockfileVersion": 1,
  "dependencies": {
    "dawg-lookup": {
      "version": "2.2.1",
      "resolved": "https://cernerrepos.net:443/api/npm/npm/dawg-lookup/-/dawg-lookup-2.2.1.tgz",
      "integrity": "sha1-ofNhxgOZk8TilCvcNhASUyRHgEs="
    },
    "es6-promise": {
      "version": "4.2.8",
      "resolved": "https://cernerrepos.net:443/api/npm/npm/es6-promise/-/es6-promise-4.2.8.tgz",
      "integrity": "sha1-TrIVlMlyvEBVPSduUQU5FD21Pgo="
    },
    "fs": {
      "version": "0.0.1-security",
      "resolved": "https://cernerrepos.net:443/api/npm/npm/fs/-/fs-0.0.1-security.tgz",
      "integrity": "sha1-invTcYa23d84E/I4WLV+yq9eQdQ="
    },
    "isomorphic-fetch": {
      "version": "3.0.0",
      "resolved": "https://cernerrepos.net:443/api/npm/npm/isomorphic-fetch/-/isomorphic-fetch-3.0.0.tgz",
      "integrity": "sha1-AmewBQSQRtJCEgchXUXWomK4uLQ=",
      "requires": {
        "node-fetch": "^2.6.1",
        "whatwg-fetch": "^3.4.1"
      }
    },
    "node-fetch": {
      "version": "2.6.1",
      "resolved": "https://cernerrepos.net:443/api/npm/npm/node-fetch/-/node-fetch-2.6.1.tgz",
      "integrity": "sha1-BFvTI2Mfdu0uK1VXM5RBa2OaAFI="
    },
    "whatwg-fetch": {
      "version": "3.5.0",
      "resolved": "https://cernerrepos.net:443/api/npm/npm/whatwg-fetch/-/whatwg-fetch-3.5.0.tgz",
      "integrity": "sha1-YFos0KcUbl2xQeKdHGKrhMDEyGg="
    }
  }
}
